
Microsoft Visual Studio Solution File, Format Version 12.00
# Visual Studio Version 16
VisualStudioVersion = 16.0.29728.190
MinimumVisualStudioVersion = 10.0.40219.1
Project("{FAE04EC0-301F-11D3-BF4B-00C04F79EFBC}") = "WindowsFormsApp1", "WindowsFormsApp1.csproj", "{6504CFAB-FA03-4049-9211-C90731C4CC13}"
EndProject
Global
	GlobalSection(SolutionConfigurationPlatforms) = preSolution
		Debug|Any CPU = Debug|Any CPU
		Release|Any CPU = Release|Any CPU
	EndGlobalSection
	GlobalSection(ProjectConfigurationPlatforms) = postSolution
		{6504CFAB-FA03-4049-9211-C90731C4CC13}.Debug|Any CPU.ActiveCfg = Debug|Any CPU
		{6504CFAB-FA03-4049-9211-C90731C4CC13}.Debug|Any CPU.Build.0 = Debug|Any CPU
		{6504CFAB-FA03-4049-9211-C90731C4CC13}.Release|Any CPU.ActiveCfg = Release|Any CPU
		{6504CFAB-FA03-4049-9211-C90731C4CC13}.Release|Any CPU.Build.0 = Release|Any CPU
	EndGlobalSection
	GlobalSection(SolutionProperties) = preSolution
		HideSolutionNode = FALSE
	EndGlobalSection
	GlobalSection(ExtensibilityGlobals) = postSolution
		SolutionGuid = {50C3E712-39CB-4C52-A436-8004D380902F}
	EndGlobalSection
EndGlobal
