
Microsoft Visual Studio Solution File, Format Version 12.00
# Visual Studio Version 16
VisualStudioVersion = 16.0.29728.190
MinimumVisualStudioVersion = 10.0.40219.1
Project("{FAE04EC0-301F-11D3-BF4B-00C04F79EFBC}") = "Server", "Server.csproj", "{2E3369C7-040E-4776-A923-880E8B1CB0BD}"
EndProject
Project("{FAE04EC0-301F-11D3-BF4B-00C04F79EFBC}") = "Client", "..\Client\Client.csproj", "{E3749B2B-4367-41E7-ADD2-03A4046DBD21}"
EndProject
Global
	GlobalSection(SolutionConfigurationPlatforms) = preSolution
		Debug|Any CPU = Debug|Any CPU
		Release|Any CPU = Release|Any CPU
	EndGlobalSection
	GlobalSection(ProjectConfigurationPlatforms) = postSolution
		{2E3369C7-040E-4776-A923-880E8B1CB0BD}.Debug|Any CPU.ActiveCfg = Debug|Any CPU
		{2E3369C7-040E-4776-A923-880E8B1CB0BD}.Debug|Any CPU.Build.0 = Debug|Any CPU
		{2E3369C7-040E-4776-A923-880E8B1CB0BD}.Release|Any CPU.ActiveCfg = Release|Any CPU
		{2E3369C7-040E-4776-A923-880E8B1CB0BD}.Release|Any CPU.Build.0 = Release|Any CPU
		{E3749B2B-4367-41E7-ADD2-03A4046DBD21}.Debug|Any CPU.ActiveCfg = Debug|Any CPU
		{E3749B2B-4367-41E7-ADD2-03A4046DBD21}.Debug|Any CPU.Build.0 = Debug|Any CPU
		{E3749B2B-4367-41E7-ADD2-03A4046DBD21}.Release|Any CPU.ActiveCfg = Release|Any CPU
		{E3749B2B-4367-41E7-ADD2-03A4046DBD21}.Release|Any CPU.Build.0 = Release|Any CPU
	EndGlobalSection
	GlobalSection(SolutionProperties) = preSolution
		HideSolutionNode = FALSE
	EndGlobalSection
	GlobalSection(ExtensibilityGlobals) = postSolution
		SolutionGuid = {22727BFD-E6F7-4CFE-98A6-649ADC7E4A77}
	EndGlobalSection
EndGlobal
