
Microsoft Visual Studio Solution File, Format Version 12.00
# Visual Studio Version 16
VisualStudioVersion = 16.0.30011.22
MinimumVisualStudioVersion = 10.0.40219.1
Project("{FAE04EC0-301F-11D3-BF4B-00C04F79EFBC}") = "ModernUI", "ModernUI.csproj", "{BCE804F3-F312-49BF-BC64-FA41C09C0A95}"
EndProject
Global
	GlobalSection(SolutionConfigurationPlatforms) = preSolution
		Debug|Any CPU = Debug|Any CPU
		Release|Any CPU = Release|Any CPU
	EndGlobalSection
	GlobalSection(ProjectConfigurationPlatforms) = postSolution
		{BCE804F3-F312-49BF-BC64-FA41C09C0A95}.Debug|Any CPU.ActiveCfg = Debug|Any CPU
		{BCE804F3-F312-49BF-BC64-FA41C09C0A95}.Debug|Any CPU.Build.0 = Debug|Any CPU
		{BCE804F3-F312-49BF-BC64-FA41C09C0A95}.Release|Any CPU.ActiveCfg = Release|Any CPU
		{BCE804F3-F312-49BF-BC64-FA41C09C0A95}.Release|Any CPU.Build.0 = Release|Any CPU
	EndGlobalSection
	GlobalSection(SolutionProperties) = preSolution
		HideSolutionNode = FALSE
	EndGlobalSection
	GlobalSection(ExtensibilityGlobals) = postSolution
		SolutionGuid = {698F7083-2AB2-40CB-BDA1-385C3FFA2634}
	EndGlobalSection
EndGlobal
